
Microsoft Visual Studio Solution File, Format Version 12.00
# Visual Studio Version 16
VisualStudioVersion = 16.0.31229.75
MinimumVisualStudioVersion = 10.0.40219.1
Project("{FAE04EC0-301F-11D3-BF4B-00C04F79EFBC}") = "Collections", "Collections.csproj", "{C07A5EE0-9787-4793-8095-3E3AA8BC1B60}"
EndProject
Global
	GlobalSection(SolutionConfigurationPlatforms) = preSolution
		Debug|Any CPU = Debug|Any CPU
		Release|Any CPU = Release|Any CPU
	EndGlobalSection
	GlobalSection(ProjectConfigurationPlatforms) = postSolution
		{C07A5EE0-9787-4793-8095-3E3AA8BC1B60}.Debug|Any CPU.ActiveCfg = Debug|Any CPU
		{C07A5EE0-9787-4793-8095-3E3AA8BC1B60}.Debug|Any CPU.Build.0 = Debug|Any CPU
		{C07A5EE0-9787-4793-8095-3E3AA8BC1B60}.Release|Any CPU.ActiveCfg = Release|Any CPU
		{C07A5EE0-9787-4793-8095-3E3AA8BC1B60}.Release|Any CPU.Build.0 = Release|Any CPU
	EndGlobalSection
	GlobalSection(SolutionProperties) = preSolution
		HideSolutionNode = FALSE
	EndGlobalSection
	GlobalSection(ExtensibilityGlobals) = postSolution
		SolutionGuid = {CEB3D3EA-1C94-48EB-9655-9DE0CED72903}
	EndGlobalSection
EndGlobal
