
Microsoft Visual Studio Solution File, Format Version 12.00
# Visual Studio Version 16
VisualStudioVersion = 16.0.31229.75
MinimumVisualStudioVersion = 10.0.40219.1
Project("{FAE04EC0-301F-11D3-BF4B-00C04F79EFBC}") = "Array", "Array\Array.csproj", "{658FC61C-6B22-4642-92BB-38B771601EE6}"
EndProject
Project("{FAE04EC0-301F-11D3-BF4B-00C04F79EFBC}") = "ArrayList", "ArrayList\ArrayList.csproj", "{0F23955B-66E1-4184-8F0D-B26F9E63F564}"
EndProject
Global
	GlobalSection(SolutionConfigurationPlatforms) = preSolution
		Debug|Any CPU = Debug|Any CPU
		Release|Any CPU = Release|Any CPU
	EndGlobalSection
	GlobalSection(ProjectConfigurationPlatforms) = postSolution
		{658FC61C-6B22-4642-92BB-38B771601EE6}.Debug|Any CPU.ActiveCfg = Debug|Any CPU
		{658FC61C-6B22-4642-92BB-38B771601EE6}.Debug|Any CPU.Build.0 = Debug|Any CPU
		{658FC61C-6B22-4642-92BB-38B771601EE6}.Release|Any CPU.ActiveCfg = Release|Any CPU
		{658FC61C-6B22-4642-92BB-38B771601EE6}.Release|Any CPU.Build.0 = Release|Any CPU
		{0F23955B-66E1-4184-8F0D-B26F9E63F564}.Debug|Any CPU.ActiveCfg = Debug|Any CPU
		{0F23955B-66E1-4184-8F0D-B26F9E63F564}.Debug|Any CPU.Build.0 = Debug|Any CPU
		{0F23955B-66E1-4184-8F0D-B26F9E63F564}.Release|Any CPU.ActiveCfg = Release|Any CPU
		{0F23955B-66E1-4184-8F0D-B26F9E63F564}.Release|Any CPU.Build.0 = Release|Any CPU
	EndGlobalSection
	GlobalSection(SolutionProperties) = preSolution
		HideSolutionNode = FALSE
	EndGlobalSection
	GlobalSection(ExtensibilityGlobals) = postSolution
		SolutionGuid = {93D9F659-CB65-4F56-ACBA-A8DBB4B2EF5D}
	EndGlobalSection
EndGlobal
