
Microsoft Visual Studio Solution File, Format Version 12.00
# Visual Studio Version 16
VisualStudioVersion = 16.0.31229.75
MinimumVisualStudioVersion = 10.0.40219.1
Project("{FAE04EC0-301F-11D3-BF4B-00C04F79EFBC}") = "BT5", "BT5\BT5.csproj", "{321ABC37-C522-4ED4-88E6-56563B1B0A79}"
EndProject
Global
	GlobalSection(SolutionConfigurationPlatforms) = preSolution
		Debug|Any CPU = Debug|Any CPU
		Release|Any CPU = Release|Any CPU
	EndGlobalSection
	GlobalSection(ProjectConfigurationPlatforms) = postSolution
		{321ABC37-C522-4ED4-88E6-56563B1B0A79}.Debug|Any CPU.ActiveCfg = Debug|Any CPU
		{321ABC37-C522-4ED4-88E6-56563B1B0A79}.Debug|Any CPU.Build.0 = Debug|Any CPU
		{321ABC37-C522-4ED4-88E6-56563B1B0A79}.Release|Any CPU.ActiveCfg = Release|Any CPU
		{321ABC37-C522-4ED4-88E6-56563B1B0A79}.Release|Any CPU.Build.0 = Release|Any CPU
	EndGlobalSection
	GlobalSection(SolutionProperties) = preSolution
		HideSolutionNode = FALSE
	EndGlobalSection
	GlobalSection(ExtensibilityGlobals) = postSolution
		SolutionGuid = {9F977F09-CD29-4B71-8D41-A330E30F14EC}
	EndGlobalSection
EndGlobal
