
Microsoft Visual Studio Solution File, Format Version 12.00
# Visual Studio Version 16
VisualStudioVersion = 16.0.31229.75
MinimumVisualStudioVersion = 10.0.40219.1
Project("{FAE04EC0-301F-11D3-BF4B-00C04F79EFBC}") = "BT1", "BT1\BT1.csproj", "{0AAEE882-2AE8-44E9-ABE0-4C33C8B6A40B}"
EndProject
Project("{FAE04EC0-301F-11D3-BF4B-00C04F79EFBC}") = "BTQuanLySach", "BTQuanLySach\BTQuanLySach.csproj", "{D58B9449-CB88-4A41-BBCB-DB7AC263EC11}"
EndProject
Global
	GlobalSection(SolutionConfigurationPlatforms) = preSolution
		Debug|Any CPU = Debug|Any CPU
		Release|Any CPU = Release|Any CPU
	EndGlobalSection
	GlobalSection(ProjectConfigurationPlatforms) = postSolution
		{0AAEE882-2AE8-44E9-ABE0-4C33C8B6A40B}.Debug|Any CPU.ActiveCfg = Debug|Any CPU
		{0AAEE882-2AE8-44E9-ABE0-4C33C8B6A40B}.Debug|Any CPU.Build.0 = Debug|Any CPU
		{0AAEE882-2AE8-44E9-ABE0-4C33C8B6A40B}.Release|Any CPU.ActiveCfg = Release|Any CPU
		{0AAEE882-2AE8-44E9-ABE0-4C33C8B6A40B}.Release|Any CPU.Build.0 = Release|Any CPU
		{D58B9449-CB88-4A41-BBCB-DB7AC263EC11}.Debug|Any CPU.ActiveCfg = Debug|Any CPU
		{D58B9449-CB88-4A41-BBCB-DB7AC263EC11}.Debug|Any CPU.Build.0 = Debug|Any CPU
		{D58B9449-CB88-4A41-BBCB-DB7AC263EC11}.Release|Any CPU.ActiveCfg = Release|Any CPU
		{D58B9449-CB88-4A41-BBCB-DB7AC263EC11}.Release|Any CPU.Build.0 = Release|Any CPU
	EndGlobalSection
	GlobalSection(SolutionProperties) = preSolution
		HideSolutionNode = FALSE
	EndGlobalSection
	GlobalSection(ExtensibilityGlobals) = postSolution
		SolutionGuid = {C93979F0-0E73-43C1-A6DB-C893F3B53E97}
	EndGlobalSection
EndGlobal
