
Microsoft Visual Studio Solution File, Format Version 12.00
# Visual Studio Version 16
VisualStudioVersion = 16.0.31229.75
MinimumVisualStudioVersion = 10.0.40219.1
Project("{FAE04EC0-301F-11D3-BF4B-00C04F79EFBC}") = "IfElse", "IfElse\IfElse.csproj", "{4E6E80B5-D9B0-48CB-B856-F2DF5E37D1CF}"
EndProject
Global
	GlobalSection(SolutionConfigurationPlatforms) = preSolution
		Debug|Any CPU = Debug|Any CPU
		Release|Any CPU = Release|Any CPU
	EndGlobalSection
	GlobalSection(ProjectConfigurationPlatforms) = postSolution
		{4E6E80B5-D9B0-48CB-B856-F2DF5E37D1CF}.Debug|Any CPU.ActiveCfg = Debug|Any CPU
		{4E6E80B5-D9B0-48CB-B856-F2DF5E37D1CF}.Debug|Any CPU.Build.0 = Debug|Any CPU
		{4E6E80B5-D9B0-48CB-B856-F2DF5E37D1CF}.Release|Any CPU.ActiveCfg = Release|Any CPU
		{4E6E80B5-D9B0-48CB-B856-F2DF5E37D1CF}.Release|Any CPU.Build.0 = Release|Any CPU
	EndGlobalSection
	GlobalSection(SolutionProperties) = preSolution
		HideSolutionNode = FALSE
	EndGlobalSection
	GlobalSection(ExtensibilityGlobals) = postSolution
		SolutionGuid = {BFB18B96-A1AE-49AA-A359-70FA02EC6587}
	EndGlobalSection
EndGlobal
